{
  "requires": true,
  "lockfileVersion": 1,
  "dependencies": {
    "mode-sass": {
      "version": "1.0.0",
      "resolved": "https://registry.npmjs.org/mode-sass/-/mode-sass-1.0.0.tgz",
      "integrity": "sha512-8WyMSRWO6X1PWj8YrzmtsK4RBcbr1iuRWL/1kSqz0H7Nz4DPnNzq13agkjS8g8tif3PpKsy+3v0Ta2gsGQ6Hgw=="
    }
  }
}
